{
  "name": "reproduce-bug",
  "lockfileVersion": 2,
  "requires": true,
  "packages": {
    "": {
      "workspaces": [
        "app",
        "lib"
      ],
      "devDependencies": {
        "typescript": "^4.5.0-dev.20211015"
      }
    },
    "app": {},
    "lib": {},
    "node_modules/@example/app": {
      "resolved": "app",
      "link": true
    },
    "node_modules/@example/lib": {
      "resolved": "lib",
      "link": true
    },
    "node_modules/typescript": {
      "version": "4.5.0-dev.20211015",
      "resolved": "https://registry.npmjs.org/typescript/-/typescript-4.5.0-dev.20211015.tgz",
      "integrity": "sha512-OrFbSZdfR1lbLhaXTb0lVfaBkx0+WLVZsCKtRRcE+dVvMJfAK3fZhgCR5Q9AUNQc0eqNgWHjQ+MW/dhHSjmNww==",
      "dev": true,
      "bin": {
        "tsc": "bin/tsc",
        "tsserver": "bin/tsserver"
      },
      "engines": {
        "node": ">=4.2.0"
      }
    }
  },
  "dependencies": {
    "@example/app": {
      "version": "file:app"
    },
    "@example/lib": {
      "version": "file:lib"
    },
    "typescript": {
      "version": "4.5.0-dev.20211015",
      "resolved": "https://registry.npmjs.org/typescript/-/typescript-4.5.0-dev.20211015.tgz",
      "integrity": "sha512-OrFbSZdfR1lbLhaXTb0lVfaBkx0+WLVZsCKtRRcE+dVvMJfAK3fZhgCR5Q9AUNQc0eqNgWHjQ+MW/dhHSjmNww==",
      "dev": true
    }
  }
}
