{
  "name": "reproduce-bug",
  "lockfileVersion": 2,
  "requires": true,
  "packages": {
    "": {
      "workspaces": [
        "app",
        "lib"
      ],
      "devDependencies": {
        "typescript": "^4.5.0-dev.20211016"
      }
    },
    "app": {
      "name": "@example/app"
    },
    "lib": {
      "name": "@example/lib"
    },
    "node_modules/@example/app": {
      "resolved": "app",
      "link": true
    },
    "node_modules/@example/lib": {
      "resolved": "lib",
      "link": true
    },
    "node_modules/typescript": {
      "version": "4.5.0-dev.20211016",
      "resolved": "https://registry.npmjs.org/typescript/-/typescript-4.5.0-dev.20211016.tgz",
      "integrity": "sha512-dYaTgXIv5UrgDimzSbWwH0q64MdOiXw7AuJtB4Bg/H17ngamrSQoPzZj7/k6OcG2c7Sl4V5ykhD3J1QVANswvA==",
      "dev": true,
      "bin": {
        "tsc": "bin/tsc",
        "tsserver": "bin/tsserver"
      },
      "engines": {
        "node": ">=4.2.0"
      }
    }
  },
  "dependencies": {
    "@example/app": {
      "version": "file:app"
    },
    "@example/lib": {
      "version": "file:lib"
    },
    "typescript": {
      "version": "4.5.0-dev.20211016",
      "resolved": "https://registry.npmjs.org/typescript/-/typescript-4.5.0-dev.20211016.tgz",
      "integrity": "sha512-dYaTgXIv5UrgDimzSbWwH0q64MdOiXw7AuJtB4Bg/H17ngamrSQoPzZj7/k6OcG2c7Sl4V5ykhD3J1QVANswvA==",
      "dev": true
    }
  }
}
